
Microsoft Visual Studio Solution File, Format Version 11.00
# Visual C# Express 2010
Project("{FAE04EC0-301F-11D3-BF4B-00C04F79EFBC}") = "PE5", "PE5\PE5.csproj", "{E4F0E092-344F-4BCC-A486-D7958E3091E8}"
EndProject
Global
	GlobalSection(SolutionConfigurationPlatforms) = preSolution
		Debug|x86 = Debug|x86
		Release|x86 = Release|x86
	EndGlobalSection
	GlobalSection(ProjectConfigurationPlatforms) = postSolution
		{E4F0E092-344F-4BCC-A486-D7958E3091E8}.Debug|x86.ActiveCfg = Debug|x86
		{E4F0E092-344F-4BCC-A486-D7958E3091E8}.Debug|x86.Build.0 = Debug|x86
		{E4F0E092-344F-4BCC-A486-D7958E3091E8}.Release|x86.ActiveCfg = Release|x86
		{E4F0E092-344F-4BCC-A486-D7958E3091E8}.Release|x86.Build.0 = Release|x86
	EndGlobalSection
	GlobalSection(SolutionProperties) = preSolution
		HideSolutionNode = FALSE
	EndGlobalSection
EndGlobal
